// !$*UTF8*$!
{
	archiveVersion = 1;
	classes = {
	};
	objectVersion = 50;
	objects = {

/* Begin PBXBuildFile section */
		743C72AC217A8CFC00DEB77C /* AlarmCollectionViewCell.swift in Sources */ = {isa = PBXBuildFile; fileRef = 743C72AB217A8CFC00DEB77C /* AlarmCollectionViewCell.swift */; };
		7484DCF420DD7D60002291C4 /* AppDelegate.swift in Sources */ = {isa = PBXBuildFile; fileRef = 7484DCF320DD7D60002291C4 /* AppDelegate.swift */; };
		7484DCF620DD7D60002291C4 /* RootViewController.swift in Sources */ = {isa = PBXBuildFile; fileRef = 7484DCF520DD7D60002291C4 /* RootViewController.swift */; };
		7484DCF820DD7D60002291C4 /* AlarmListViewController.swift in Sources */ = {isa = PBXBuildFile; fileRef = 7484DCF720DD7D60002291C4 /* AlarmListViewController.swift */; };
		7484DCFA20DD7D60002291C4 /* ModelController.swift in Sources */ = {isa = PBXBuildFile; fileRef = 7484DCF920DD7D60002291C4 /* ModelController.swift */; };
		7484DCFD20DD7D60002291C4 /* Main.storyboard in Resources */ = {isa = PBXBuildFile; fileRef = 7484DCFB20DD7D60002291C4 /* Main.storyboard */; };
		7484DCFF20DD7D62002291C4 /* Assets.xcassets in Resources */ = {isa = PBXBuildFile; fileRef = 7484DCFE20DD7D62002291C4 /* Assets.xcassets */; };
		7484DD0220DD7D62002291C4 /* LaunchScreen.storyboard in Resources */ = {isa = PBXBuildFile; fileRef = 7484DD0020DD7D62002291C4 /* LaunchScreen.storyboard */; };
		7484DD0D20DD7D62002291C4 /* CrockPodTests.swift in Sources */ = {isa = PBXBuildFile; fileRef = 7484DD0C20DD7D62002291C4 /* CrockPodTests.swift */; };
		7484DD1820DD7D62002291C4 /* CrockPodUITests.swift in Sources */ = {isa = PBXBuildFile; fileRef = 7484DD1720DD7D62002291C4 /* CrockPodUITests.swift */; };
		7499C8A8211E3C0700A0CBE3 /* Alarm.swift in Sources */ = {isa = PBXBuildFile; fileRef = 7499C8A7211E3C0700A0CBE3 /* Alarm.swift */; };
		7499C8AB211E3D8100A0CBE3 /* Podcast.swift in Sources */ = {isa = PBXBuildFile; fileRef = 7499C8AA211E3D8100A0CBE3 /* Podcast.swift */; };
/* End PBXBuildFile section */

/* Begin PBXContainerItemProxy section */
		7484DD0920DD7D62002291C4 /* PBXContainerItemProxy */ = {
			isa = PBXContainerItemProxy;
			containerPortal = 7484DCE820DD7D60002291C4 /* Project object */;
			proxyType = 1;
			remoteGlobalIDString = 7484DCEF20DD7D60002291C4;
			remoteInfo = CrockPod;
		};
		7484DD1420DD7D62002291C4 /* PBXContainerItemProxy */ = {
			isa = PBXContainerItemProxy;
			containerPortal = 7484DCE820DD7D60002291C4 /* Project object */;
			proxyType = 1;
			remoteGlobalIDString = 7484DCEF20DD7D60002291C4;
			remoteInfo = CrockPod;
		};
/* End PBXContainerItemProxy section */

/* Begin PBXFileReference section */
		743C72AB217A8CFC00DEB77C /* AlarmCollectionViewCell.swift */ = {isa = PBXFileReference; lastKnownFileType = sourcecode.swift; path = AlarmCollectionViewCell.swift; sourceTree = "<group>"; };
		7484DCF020DD7D60002291C4 /* CrockPod.app */ = {isa = PBXFileReference; explicitFileType = wrapper.application; includeInIndex = 0; path = CrockPod.app; sourceTree = BUILT_PRODUCTS_DIR; };
		7484DCF320DD7D60002291C4 /* AppDelegate.swift */ = {isa = PBXFileReference; lastKnownFileType = sourcecode.swift; path = AppDelegate.swift; sourceTree = "<group>"; };
		7484DCF520DD7D60002291C4 /* RootViewController.swift */ = {isa = PBXFileReference; lastKnownFileType = sourcecode.swift; path = RootViewController.swift; sourceTree = "<group>"; };
		7484DCF720DD7D60002291C4 /* AlarmListViewController.swift */ = {isa = PBXFileReference; lastKnownFileType = sourcecode.swift; path = AlarmListViewController.swift; sourceTree = "<group>"; };
		7484DCF920DD7D60002291C4 /* ModelController.swift */ = {isa = PBXFileReference; lastKnownFileType = sourcecode.swift; path = ModelController.swift; sourceTree = "<group>"; };
		7484DCFC20DD7D60002291C4 /* Base */ = {isa = PBXFileReference; lastKnownFileType = file.storyboard; name = Base; path = Base.lproj/Main.storyboard; sourceTree = "<group>"; };
		7484DCFE20DD7D62002291C4 /* Assets.xcassets */ = {isa = PBXFileReference; lastKnownFileType = folder.assetcatalog; path = Assets.xcassets; sourceTree = "<group>"; };
		7484DD0120DD7D62002291C4 /* Base */ = {isa = PBXFileReference; lastKnownFileType = file.storyboard; name = Base; path = Base.lproj/LaunchScreen.storyboard; sourceTree = "<group>"; };
		7484DD0320DD7D62002291C4 /* Info.plist */ = {isa = PBXFileReference; lastKnownFileType = text.plist.xml; path = Info.plist; sourceTree = "<group>"; };
		7484DD0820DD7D62002291C4 /* CrockPodTests.xctest */ = {isa = PBXFileReference; explicitFileType = wrapper.cfbundle; includeInIndex = 0; path = CrockPodTests.xctest; sourceTree = BUILT_PRODUCTS_DIR; };
		7484DD0C20DD7D62002291C4 /* CrockPodTests.swift */ = {isa = PBXFileReference; lastKnownFileType = sourcecode.swift; path = CrockPodTests.swift; sourceTree = "<group>"; };
		7484DD0E20DD7D62002291C4 /* Info.plist */ = {isa = PBXFileReference; lastKnownFileType = text.plist.xml; path = Info.plist; sourceTree = "<group>"; };
		7484DD1320DD7D62002291C4 /* CrockPodUITests.xctest */ = {isa = PBXFileReference; explicitFileType = wrapper.cfbundle; includeInIndex = 0; path = CrockPodUITests.xctest; sourceTree = BUILT_PRODUCTS_DIR; };
		7484DD1720DD7D62002291C4 /* CrockPodUITests.swift */ = {isa = PBXFileReference; lastKnownFileType = sourcecode.swift; path = CrockPodUITests.swift; sourceTree = "<group>"; };
		7484DD1920DD7D62002291C4 /* Info.plist */ = {isa = PBXFileReference; lastKnownFileType = text.plist.xml; path = Info.plist; sourceTree = "<group>"; };
		7499C8A7211E3C0700A0CBE3 /* Alarm.swift */ = {isa = PBXFileReference; lastKnownFileType = sourcecode.swift; path = Alarm.swift; sourceTree = "<group>"; };
		7499C8AA211E3D8100A0CBE3 /* Podcast.swift */ = {isa = PBXFileReference; lastKnownFileType = sourcecode.swift; path = Podcast.swift; sourceTree = "<group>"; };
/* End PBXFileReference section */

/* Begin PBXFrameworksBuildPhase section */
		7484DCED20DD7D60002291C4 /* Frameworks */ = {
			isa = PBXFrameworksBuildPhase;
			buildActionMask = 2147483647;
			files = (
			);
			runOnlyForDeploymentPostprocessing = 0;
		};
		7484DD0520DD7D62002291C4 /* Frameworks */ = {
			isa = PBXFrameworksBuildPhase;
			buildActionMask = 2147483647;
			files = (
			);
			runOnlyForDeploymentPostprocessing = 0;
		};
		7484DD1020DD7D62002291C4 /* Frameworks */ = {
			isa = PBXFrameworksBuildPhase;
			buildActionMask = 2147483647;
			files = (
			);
			runOnlyForDeploymentPostprocessing = 0;
		};
/* End PBXFrameworksBuildPhase section */

/* Begin PBXGroup section */
		7484DCE720DD7D60002291C4 = {
			isa = PBXGroup;
			children = (
				7484DCF220DD7D60002291C4 /* CrockPod */,
				7484DD0B20DD7D62002291C4 /* CrockPodTests */,
				7484DD1620DD7D62002291C4 /* CrockPodUITests */,
				7484DCF120DD7D60002291C4 /* Products */,
			);
			sourceTree = "<group>";
		};
		7484DCF120DD7D60002291C4 /* Products */ = {
			isa = PBXGroup;
			children = (
				7484DCF020DD7D60002291C4 /* CrockPod.app */,
				7484DD0820DD7D62002291C4 /* CrockPodTests.xctest */,
				7484DD1320DD7D62002291C4 /* CrockPodUITests.xctest */,
			);
			name = Products;
			sourceTree = "<group>";
		};
		7484DCF220DD7D60002291C4 /* CrockPod */ = {
			isa = PBXGroup;
			children = (
				7499C8A9211E3D7800A0CBE3 /* Podcast */,
				7499C8A3211E3B8B00A0CBE3 /* Alarm */,
				7484DCF320DD7D60002291C4 /* AppDelegate.swift */,
				7484DCF520DD7D60002291C4 /* RootViewController.swift */,
				7484DCF920DD7D60002291C4 /* ModelController.swift */,
				7484DCFB20DD7D60002291C4 /* Main.storyboard */,
				7484DCFE20DD7D62002291C4 /* Assets.xcassets */,
				7484DD0020DD7D62002291C4 /* LaunchScreen.storyboard */,
				7484DD0320DD7D62002291C4 /* Info.plist */,
			);
			path = CrockPod;
			sourceTree = "<group>";
		};
		7484DD0B20DD7D62002291C4 /* CrockPodTests */ = {
			isa = PBXGroup;
			children = (
				7484DD0C20DD7D62002291C4 /* CrockPodTests.swift */,
				7484DD0E20DD7D62002291C4 /* Info.plist */,
			);
			path = CrockPodTests;
			sourceTree = "<group>";
		};
		7484DD1620DD7D62002291C4 /* CrockPodUITests */ = {
			isa = PBXGroup;
			children = (
				7484DD1720DD7D62002291C4 /* CrockPodUITests.swift */,
				7484DD1920DD7D62002291C4 /* Info.plist */,
			);
			path = CrockPodUITests;
			sourceTree = "<group>";
		};
		7499C8A3211E3B8B00A0CBE3 /* Alarm */ = {
			isa = PBXGroup;
			children = (
				7484DCF720DD7D60002291C4 /* AlarmListViewController.swift */,
				7499C8A7211E3C0700A0CBE3 /* Alarm.swift */,
				743C72AB217A8CFC00DEB77C /* AlarmCollectionViewCell.swift */,
			);
			path = Alarm;
			sourceTree = "<group>";
		};
		7499C8A9211E3D7800A0CBE3 /* Podcast */ = {
			isa = PBXGroup;
			children = (
				7499C8AA211E3D8100A0CBE3 /* Podcast.swift */,
			);
			path = Podcast;
			sourceTree = "<group>";
		};
/* End PBXGroup section */

/* Begin PBXNativeTarget section */
		7484DCEF20DD7D60002291C4 /* CrockPod */ = {
			isa = PBXNativeTarget;
			buildConfigurationList = 7484DD1C20DD7D62002291C4 /* Build configuration list for PBXNativeTarget "CrockPod" */;
			buildPhases = (
				7484DCEC20DD7D60002291C4 /* Sources */,
				7484DCED20DD7D60002291C4 /* Frameworks */,
				7484DCEE20DD7D60002291C4 /* Resources */,
			);
			buildRules = (
			);
			dependencies = (
			);
			name = CrockPod;
			productName = CrockPod;
			productReference = 7484DCF020DD7D60002291C4 /* CrockPod.app */;
			productType = "com.apple.product-type.application";
		};
		7484DD0720DD7D62002291C4 /* CrockPodTests */ = {
			isa = PBXNativeTarget;
			buildConfigurationList = 7484DD1F20DD7D62002291C4 /* Build configuration list for PBXNativeTarget "CrockPodTests" */;
			buildPhases = (
				7484DD0420DD7D62002291C4 /* Sources */,
				7484DD0520DD7D62002291C4 /* Frameworks */,
				7484DD0620DD7D62002291C4 /* Resources */,
			);
			buildRules = (
			);
			dependencies = (
				7484DD0A20DD7D62002291C4 /* PBXTargetDependency */,
			);
			name = CrockPodTests;
			productName = CrockPodTests;
			productReference = 7484DD0820DD7D62002291C4 /* CrockPodTests.xctest */;
			productType = "com.apple.product-type.bundle.unit-test";
		};
		7484DD1220DD7D62002291C4 /* CrockPodUITests */ = {
			isa = PBXNativeTarget;
			buildConfigurationList = 7484DD2220DD7D62002291C4 /* Build configuration list for PBXNativeTarget "CrockPodUITests" */;
			buildPhases = (
				7484DD0F20DD7D62002291C4 /* Sources */,
				7484DD1020DD7D62002291C4 /* Frameworks */,
				7484DD1120DD7D62002291C4 /* Resources */,
			);
			buildRules = (
			);
			dependencies = (
				7484DD1520DD7D62002291C4 /* PBXTargetDependency */,
			);
			name = CrockPodUITests;
			productName = CrockPodUITests;
			productReference = 7484DD1320DD7D62002291C4 /* CrockPodUITests.xctest */;
			productType = "com.apple.product-type.bundle.ui-testing";
		};
/* End PBXNativeTarget section */

/* Begin PBXProject section */
		7484DCE820DD7D60002291C4 /* Project object */ = {
			isa = PBXProject;
			attributes = {
				LastSwiftUpdateCheck = 0940;
				LastUpgradeCheck = 0940;
				ORGANIZATIONNAME = "Kevin Liddle";
				TargetAttributes = {
					7484DCEF20DD7D60002291C4 = {
						CreatedOnToolsVersion = 9.4.1;
						LastSwiftMigration = 1000;
					};
					7484DD0720DD7D62002291C4 = {
						CreatedOnToolsVersion = 9.4.1;
						LastSwiftMigration = 1000;
						TestTargetID = 7484DCEF20DD7D60002291C4;
					};
					7484DD1220DD7D62002291C4 = {
						CreatedOnToolsVersion = 9.4.1;
						LastSwiftMigration = 1000;
						TestTargetID = 7484DCEF20DD7D60002291C4;
					};
				};
			};
			buildConfigurationList = 7484DCEB20DD7D60002291C4 /* Build configuration list for PBXProject "CrockPod" */;
			compatibilityVersion = "Xcode 9.3";
			developmentRegion = en;
			hasScannedForEncodings = 0;
			knownRegions = (
				en,
				Base,
			);
			mainGroup = 7484DCE720DD7D60002291C4;
			productRefGroup = 7484DCF120DD7D60002291C4 /* Products */;
			projectDirPath = "";
			projectRoot = "";
			targets = (
				7484DCEF20DD7D60002291C4 /* CrockPod */,
				7484DD0720DD7D62002291C4 /* CrockPodTests */,
				7484DD1220DD7D62002291C4 /* CrockPodUITests */,
			);
		};
/* End PBXProject section */

/* Begin PBXResourcesBuildPhase section */
		7484DCEE20DD7D60002291C4 /* Resources */ = {
			isa = PBXResourcesBuildPhase;
			buildActionMask = 2147483647;
			files = (
				7484DD0220DD7D62002291C4 /* LaunchScreen.storyboard in Resources */,
				7484DCFF20DD7D62002291C4 /* Assets.xcassets in Resources */,
				7484DCFD20DD7D60002291C4 /* Main.storyboard in Resources */,
			);
			runOnlyForDeploymentPostprocessing = 0;
		};
		7484DD0620DD7D62002291C4 /* Resources */ = {
			isa = PBXResourcesBuildPhase;
			buildActionMask = 2147483647;
			files = (
			);
			runOnlyForDeploymentPostprocessing = 0;
		};
		7484DD1120DD7D62002291C4 /* Resources */ = {
			isa = PBXResourcesBuildPhase;
			buildActionMask = 2147483647;
			files = (
			);
			runOnlyForDeploymentPostprocessing = 0;
		};
/* End PBXResourcesBuildPhase section */

/* Begin PBXSourcesBuildPhase section */
		7484DCEC20DD7D60002291C4 /* Sources */ = {
			isa = PBXSourcesBuildPhase;
			buildActionMask = 2147483647;
			files = (
				7484DCF620DD7D60002291C4 /* RootViewController.swift in Sources */,
				7484DCFA20DD7D60002291C4 /* ModelController.swift in Sources */,
				7499C8AB211E3D8100A0CBE3 /* Podcast.swift in Sources */,
				7499C8A8211E3C0700A0CBE3 /* Alarm.swift in Sources */,
				743C72AC217A8CFC00DEB77C /* AlarmCollectionViewCell.swift in Sources */,
				7484DCF820DD7D60002291C4 /* AlarmListViewController.swift in Sources */,
				7484DCF420DD7D60002291C4 /* AppDelegate.swift in Sources */,
			);
			runOnlyForDeploymentPostprocessing = 0;
		};
		7484DD0420DD7D62002291C4 /* Sources */ = {
			isa = PBXSourcesBuildPhase;
			buildActionMask = 2147483647;
			files = (
				7484DD0D20DD7D62002291C4 /* CrockPodTests.swift in Sources */,
			);
			runOnlyForDeploymentPostprocessing = 0;
		};
		7484DD0F20DD7D62002291C4 /* Sources */ = {
			isa = PBXSourcesBuildPhase;
			buildActionMask = 2147483647;
			files = (
				7484DD1820DD7D62002291C4 /* CrockPodUITests.swift in Sources */,
			);
			runOnlyForDeploymentPostprocessing = 0;
		};
/* End PBXSourcesBuildPhase section */

/* Begin PBXTargetDependency section */
		7484DD0A20DD7D62002291C4 /* PBXTargetDependency */ = {
			isa = PBXTargetDependency;
			target = 7484DCEF20DD7D60002291C4 /* CrockPod */;
			targetProxy = 7484DD0920DD7D62002291C4 /* PBXContainerItemProxy */;
		};
		7484DD1520DD7D62002291C4 /* PBXTargetDependency */ = {
			isa = PBXTargetDependency;
			target = 7484DCEF20DD7D60002291C4 /* CrockPod */;
			targetProxy = 7484DD1420DD7D62002291C4 /* PBXContainerItemProxy */;
		};
/* End PBXTargetDependency section */

/* Begin PBXVariantGroup section */
		7484DCFB20DD7D60002291C4 /* Main.storyboard */ = {
			isa = PBXVariantGroup;
			children = (
				7484DCFC20DD7D60002291C4 /* Base */,
			);
			name = Main.storyboard;
			sourceTree = "<group>";
		};
		7484DD0020DD7D62002291C4 /* LaunchScreen.storyboard */ = {
			isa = PBXVariantGroup;
			children = (
				7484DD0120DD7D62002291C4 /* Base */,
			);
			name = LaunchScreen.storyboard;
			sourceTree = "<group>";
		};
/* End PBXVariantGroup section */

/* Begin XCBuildConfiguration section */
		7484DD1A20DD7D62002291C4 /* Debug */ = {
			isa = XCBuildConfiguration;
			buildSettings = {
				ALWAYS_SEARCH_USER_PATHS = NO;
				CLANG_ANALYZER_NONNULL = YES;
				CLANG_ANALYZER_NUMBER_OBJECT_CONVERSION = YES_AGGRESSIVE;
				CLANG_CXX_LANGUAGE_STANDARD = "gnu++14";
				CLANG_CXX_LIBRARY = "libc++";
				CLANG_ENABLE_MODULES = YES;
				CLANG_ENABLE_OBJC_ARC = YES;
				CLANG_ENABLE_OBJC_WEAK = YES;
				CLANG_WARN_BLOCK_CAPTURE_AUTORELEASING = YES;
				CLANG_WARN_BOOL_CONVERSION = YES;
				CLANG_WARN_COMMA = YES;
				CLANG_WARN_CONSTANT_CONVERSION = YES;
				CLANG_WARN_DEPRECATED_OBJC_IMPLEMENTATIONS = YES;
				CLANG_WARN_DIRECT_OBJC_ISA_USAGE = YES_ERROR;
				CLANG_WARN_DOCUMENTATION_COMMENTS = YES;
				CLANG_WARN_EMPTY_BODY = YES;
				CLANG_WARN_ENUM_CONVERSION = YES;
				CLANG_WARN_INFINITE_RECURSION = YES;
				CLANG_WARN_INT_CONVERSION = YES;
				CLANG_WARN_NON_LITERAL_NULL_CONVERSION = YES;
				CLANG_WARN_OBJC_IMPLICIT_RETAIN_SELF = YES;
				CLANG_WARN_OBJC_LITERAL_CONVERSION = YES;
				CLANG_WARN_OBJC_ROOT_CLASS = YES_ERROR;
				CLANG_WARN_RANGE_LOOP_ANALYSIS = YES;
				CLANG_WARN_STRICT_PROTOTYPES = YES;
				CLANG_WARN_SUSPICIOUS_MOVE = YES;
				CLANG_WARN_UNGUARDED_AVAILABILITY = YES_AGGRESSIVE;
				CLANG_WARN_UNREACHABLE_CODE = YES;
				CLANG_WARN__DUPLICATE_METHOD_MATCH = YES;
				CODE_SIGN_IDENTITY = "iPhone Developer";
				COPY_PHASE_STRIP = NO;
				DEBUG_INFORMATION_FORMAT = dwarf;
				ENABLE_STRICT_OBJC_MSGSEND = YES;
				ENABLE_TESTABILITY = YES;
				GCC_C_LANGUAGE_STANDARD = gnu11;
				GCC_DYNAMIC_NO_PIC = NO;
				GCC_NO_COMMON_BLOCKS = YES;
				GCC_OPTIMIZATION_LEVEL = 0;
				GCC_PREPROCESSOR_DEFINITIONS = (
					"DEBUG=1",
					"$(inherited)",
				);
				GCC_WARN_64_TO_32_BIT_CONVERSION = YES;
				GCC_WARN_ABOUT_RETURN_TYPE = YES_ERROR;
				GCC_WARN_UNDECLARED_SELECTOR = YES;
				GCC_WARN_UNINITIALIZED_AUTOS = YES_AGGRESSIVE;
				GCC_WARN_UNUSED_FUNCTION = YES;
				GCC_WARN_UNUSED_VARIABLE = YES;
				IPHONEOS_DEPLOYMENT_TARGET = 11.4;
				MTL_ENABLE_DEBUG_INFO = YES;
				ONLY_ACTIVE_ARCH = YES;
				SDKROOT = iphoneos;
				SWIFT_ACTIVE_COMPILATION_CONDITIONS = DEBUG;
				SWIFT_OPTIMIZATION_LEVEL = "-Onone";
			};
			name = Debug;
		};
		7484DD1B20DD7D62002291C4 /* Release */ = {
			isa = XCBuildConfiguration;
			buildSettings = {
				ALWAYS_SEARCH_USER_PATHS = NO;
				CLANG_ANALYZER_NONNULL = YES;
				CLANG_ANALYZER_NUMBER_OBJECT_CONVERSION = YES_AGGRESSIVE;
				CLANG_CXX_LANGUAGE_STANDARD = "gnu++14";
				CLANG_CXX_LIBRARY = "libc++";
				CLANG_ENABLE_MODULES = YES;
				CLANG_ENABLE_OBJC_ARC = YES;
				CLANG_ENABLE_OBJC_WEAK = YES;
				CLANG_WARN_BLOCK_CAPTURE_AUTORELEASING = YES;
				CLANG_WARN_BOOL_CONVERSION = YES;
				CLANG_WARN_COMMA = YES;
				CLANG_WARN_CONSTANT_CONVERSION = YES;
				CLANG_WARN_DEPRECATED_OBJC_IMPLEMENTATIONS = YES;
				CLANG_WARN_DIRECT_OBJC_ISA_USAGE = YES_ERROR;
				CLANG_WARN_DOCUMENTATION_COMMENTS = YES;
				CLANG_WARN_EMPTY_BODY = YES;
				CLANG_WARN_ENUM_CONVERSION = YES;
				CLANG_WARN_INFINITE_RECURSION = YES;
				CLANG_WARN_INT_CONVERSION = YES;
				CLANG_WARN_NON_LITERAL_NULL_CONVERSION = YES;
				CLANG_WARN_OBJC_IMPLICIT_RETAIN_SELF = YES;
				CLANG_WARN_OBJC_LITERAL_CONVERSION = YES;
				CLANG_WARN_OBJC_ROOT_CLASS = YES_ERROR;
				CLANG_WARN_RANGE_LOOP_ANALYSIS = YES;
				CLANG_WARN_STRICT_PROTOTYPES = YES;
				CLANG_WARN_SUSPICIOUS_MOVE = YES;
				CLANG_WARN_UNGUARDED_AVAILABILITY = YES_AGGRESSIVE;
				CLANG_WARN_UNREACHABLE_CODE = YES;
				CLANG_WARN__DUPLICATE_METHOD_MATCH = YES;
				CODE_SIGN_IDENTITY = "iPhone Developer";
				COPY_PHASE_STRIP = NO;
				DEBUG_INFORMATION_FORMAT = "dwarf-with-dsym";
				ENABLE_NS_ASSERTIONS = NO;
				ENABLE_STRICT_OBJC_MSGSEND = YES;
				GCC_C_LANGUAGE_STANDARD = gnu11;
				GCC_NO_COMMON_BLOCKS = YES;
				GCC_WARN_64_TO_32_BIT_CONVERSION = YES;
				GCC_WARN_ABOUT_RETURN_TYPE = YES_ERROR;
				GCC_WARN_UNDECLARED_SELECTOR = YES;
				GCC_WARN_UNINITIALIZED_AUTOS = YES_AGGRESSIVE;
				GCC_WARN_UNUSED_FUNCTION = YES;
				GCC_WARN_UNUSED_VARIABLE = YES;
				IPHONEOS_DEPLOYMENT_TARGET = 11.4;
				MTL_ENABLE_DEBUG_INFO = NO;
				SDKROOT = iphoneos;
				SWIFT_COMPILATION_MODE = wholemodule;
				SWIFT_OPTIMIZATION_LEVEL = "-O";
				VALIDATE_PRODUCT = YES;
			};
			name = Release;
		};
		7484DD1D20DD7D62002291C4 /* Debug */ = {
			isa = XCBuildConfiguration;
			buildSettings = {
				ASSETCATALOG_COMPILER_APPICON_NAME = AppIcon;
				CODE_SIGN_STYLE = Automatic;
				DEVELOPMENT_TEAM = ULAPDKUJYG;
				INFOPLIST_FILE = CrockPod/Info.plist;
				LD_RUNPATH_SEARCH_PATHS = (
					"$(inherited)",
					"@executable_path/Frameworks",
				);
				PRODUCT_BUNDLE_IDENTIFIER = krevin.CrockPod;
				PRODUCT_NAME = "$(TARGET_NAME)";
				SWIFT_VERSION = 4.2;
				TARGETED_DEVICE_FAMILY = "1,2";
			};
			name = Debug;
		};
		7484DD1E20DD7D62002291C4 /* Release */ = {
			isa = XCBuildConfiguration;
			buildSettings = {
				ASSETCATALOG_COMPILER_APPICON_NAME = AppIcon;
				CODE_SIGN_STYLE = Automatic;
				DEVELOPMENT_TEAM = ULAPDKUJYG;
				INFOPLIST_FILE = CrockPod/Info.plist;
				LD_RUNPATH_SEARCH_PATHS = (
					"$(inherited)",
					"@executable_path/Frameworks",
				);
				PRODUCT_BUNDLE_IDENTIFIER = krevin.CrockPod;
				PRODUCT_NAME = "$(TARGET_NAME)";
				SWIFT_VERSION = 4.2;
				TARGETED_DEVICE_FAMILY = "1,2";
			};
			name = Release;
		};
		7484DD2020DD7D62002291C4 /* Debug */ = {
			isa = XCBuildConfiguration;
			buildSettings = {
				ALWAYS_EMBED_SWIFT_STANDARD_LIBRARIES = YES;
				BUNDLE_LOADER = "$(TEST_HOST)";
				CODE_SIGN_STYLE = Automatic;
				INFOPLIST_FILE = CrockPodTests/Info.plist;
				LD_RUNPATH_SEARCH_PATHS = (
					"$(inherited)",
					"@executable_path/Frameworks",
					"@loader_path/Frameworks",
				);
				PRODUCT_BUNDLE_IDENTIFIER = krevin.CrockPodTests;
				PRODUCT_NAME = "$(TARGET_NAME)";
				SWIFT_VERSION = 4.2;
				TARGETED_DEVICE_FAMILY = "1,2";
				TEST_HOST = "$(BUILT_PRODUCTS_DIR)/CrockPod.app/CrockPod";
			};
			name = Debug;
		};
		7484DD2120DD7D62002291C4 /* Release */ = {
			isa = XCBuildConfiguration;
			buildSettings = {
				ALWAYS_EMBED_SWIFT_STANDARD_LIBRARIES = YES;
				BUNDLE_LOADER = "$(TEST_HOST)";
				CODE_SIGN_STYLE = Automatic;
				INFOPLIST_FILE = CrockPodTests/Info.plist;
				LD_RUNPATH_SEARCH_PATHS = (
					"$(inherited)",
					"@executable_path/Frameworks",
					"@loader_path/Frameworks",
				);
				PRODUCT_BUNDLE_IDENTIFIER = krevin.CrockPodTests;
				PRODUCT_NAME = "$(TARGET_NAME)";
				SWIFT_VERSION = 4.2;
				TARGETED_DEVICE_FAMILY = "1,2";
				TEST_HOST = "$(BUILT_PRODUCTS_DIR)/CrockPod.app/CrockPod";
			};
			name = Release;
		};
		7484DD2320DD7D62002291C4 /* Debug */ = {
			isa = XCBuildConfiguration;
			buildSettings = {
				ALWAYS_EMBED_SWIFT_STANDARD_LIBRARIES = YES;
				CODE_SIGN_STYLE = Automatic;
				INFOPLIST_FILE = CrockPodUITests/Info.plist;
				LD_RUNPATH_SEARCH_PATHS = (
					"$(inherited)",
					"@executable_path/Frameworks",
					"@loader_path/Frameworks",
				);
				PRODUCT_BUNDLE_IDENTIFIER = krevin.CrockPodUITests;
				PRODUCT_NAME = "$(TARGET_NAME)";
				SWIFT_VERSION = 4.2;
				TARGETED_DEVICE_FAMILY = "1,2";
				TEST_TARGET_NAME = CrockPod;
			};
			name = Debug;
		};
		7484DD2420DD7D62002291C4 /* Release */ = {
			isa = XCBuildConfiguration;
			buildSettings = {
				ALWAYS_EMBED_SWIFT_STANDARD_LIBRARIES = YES;
				CODE_SIGN_STYLE = Automatic;
				INFOPLIST_FILE = CrockPodUITests/Info.plist;
				LD_RUNPATH_SEARCH_PATHS = (
					"$(inherited)",
					"@executable_path/Frameworks",
					"@loader_path/Frameworks",
				);
				PRODUCT_BUNDLE_IDENTIFIER = krevin.CrockPodUITests;
				PRODUCT_NAME = "$(TARGET_NAME)";
				SWIFT_VERSION = 4.2;
				TARGETED_DEVICE_FAMILY = "1,2";
				TEST_TARGET_NAME = CrockPod;
			};
			name = Release;
		};
/* End XCBuildConfiguration section */

/* Begin XCConfigurationList section */
		7484DCEB20DD7D60002291C4 /* Build configuration list for PBXProject "CrockPod" */ = {
			isa = XCConfigurationList;
			buildConfigurations = (
				7484DD1A20DD7D62002291C4 /* Debug */,
				7484DD1B20DD7D62002291C4 /* Release */,
			);
			defaultConfigurationIsVisible = 0;
			defaultConfigurationName = Release;
		};
		7484DD1C20DD7D62002291C4 /* Build configuration list for PBXNativeTarget "CrockPod" */ = {
			isa = XCConfigurationList;
			buildConfigurations = (
				7484DD1D20DD7D62002291C4 /* Debug */,
				7484DD1E20DD7D62002291C4 /* Release */,
			);
			defaultConfigurationIsVisible = 0;
			defaultConfigurationName = Release;
		};
		7484DD1F20DD7D62002291C4 /* Build configuration list for PBXNativeTarget "CrockPodTests" */ = {
			isa = XCConfigurationList;
			buildConfigurations = (
				7484DD2020DD7D62002291C4 /* Debug */,
				7484DD2120DD7D62002291C4 /* Release */,
			);
			defaultConfigurationIsVisible = 0;
			defaultConfigurationName = Release;
		};
		7484DD2220DD7D62002291C4 /* Build configuration list for PBXNativeTarget "CrockPodUITests" */ = {
			isa = XCConfigurationList;
			buildConfigurations = (
				7484DD2320DD7D62002291C4 /* Debug */,
				7484DD2420DD7D62002291C4 /* Release */,
			);
			defaultConfigurationIsVisible = 0;
			defaultConfigurationName = Release;
		};
/* End XCConfigurationList section */
	};
	rootObject = 7484DCE820DD7D60002291C4 /* Project object */;
}
